
Microsoft Visual Studio Solution File, Format Version 12.00
# Visual Studio Version 17
VisualStudioVersion = 17.9.34723.18
MinimumVisualStudioVersion = 10.0.40219.1
Project("{FAE04EC0-301F-11D3-BF4B-00C04F79EFBC}") = "WebFitnessProy1", "WebFitnessProy1\WebFitnessProy1.csproj", "{D9D62EF4-CE7C-405C-B417-A7D79BA5B22F}"
EndProject
Global
	GlobalSection(SolutionConfigurationPlatforms) = preSolution
		Debug|Any CPU = Debug|Any CPU
		Release|Any CPU = Release|Any CPU
	EndGlobalSection
	GlobalSection(ProjectConfigurationPlatforms) = postSolution
		{D9D62EF4-CE7C-405C-B417-A7D79BA5B22F}.Debug|Any CPU.ActiveCfg = Debug|Any CPU
		{D9D62EF4-CE7C-405C-B417-A7D79BA5B22F}.Debug|Any CPU.Build.0 = Debug|Any CPU
		{D9D62EF4-CE7C-405C-B417-A7D79BA5B22F}.Release|Any CPU.ActiveCfg = Release|Any CPU
		{D9D62EF4-CE7C-405C-B417-A7D79BA5B22F}.Release|Any CPU.Build.0 = Release|Any CPU
	EndGlobalSection
	GlobalSection(SolutionProperties) = preSolution
		HideSolutionNode = FALSE
	EndGlobalSection
	GlobalSection(ExtensibilityGlobals) = postSolution
		SolutionGuid = {86A51968-EA8F-4F28-B376-7FBD04BEED4D}
	EndGlobalSection
EndGlobal
